{
  "name": "vm-acceptance-release-tool-workspace",
  "version": "0.0.0",
  "lockfileVersion": 3,
  "requires": true,
  "packages": {
    "": {
      "name": "vm-acceptance-release-tool-workspace",
      "version": "0.0.0",
      "dependencies": {
        "vm-acceptance-build-dependency": "file:./node-dependency"
      }
    },
    "node_modules/vm-acceptance-build-dependency": {
      "resolved": "node-dependency",
      "link": true
    },
    "node-dependency": {
      "name": "vm-acceptance-build-dependency",
      "version": "1.0.0"
    }
  }
}
