{
  "name": "@goobits/vm",
  "version": "1.1.0",
  "lockfileVersion": 3,
  "requires": true,
  "packages": {
    "": {
      "name": "@goobits/vm",
      "version": "1.1.0",
      "hasInstallScript": true,
      "license": "MIT",
      "bin": {
        "vm": "vm.sh"
      },
      "peerDependencies": {
        "vagrant": "*",
        "virtualbox": "*"
      },
      "peerDependenciesMeta": {
        "vagrant": {
          "optional": true
        },
        "virtualbox": {
          "optional": true
        }
      }
    }
  }
}
